// !$*UTF8*$!
{
	archiveVersion = 1;
	classes = {
	};
	objectVersion = 51;
	objects = {

/* Begin PBXBuildFile section */
		05C499FF6419F5E78F52FBC5 /* Pods_ecomApp_ecomAppUITests.framework in Frameworks */ = {isa = PBXBuildFile; fileRef = 05776D9F76BC18915501F087 /* Pods_ecomApp_ecomAppUITests.framework */; };
		44C098ADF0FE7D60D73FCC2D /* Pods_ecomApp.framework in Frameworks */ = {isa = PBXBuildFile; fileRef = 5BA603AC574C99A509657630 /* Pods_ecomApp.framework */; };
		4C6354D325CA785000AFAE4A /* userDefaults.swift in Sources */ = {isa = PBXBuildFile; fileRef = 4C6354D225CA784F00AFAE4A /* userDefaults.swift */; };
		4CF38A6D25C9AC830092108C /* AppDelegate.swift in Sources */ = {isa = PBXBuildFile; fileRef = 4CF38A6C25C9AC830092108C /* AppDelegate.swift */; };
		4CF38A6F25C9AC830092108C /* SceneDelegate.swift in Sources */ = {isa = PBXBuildFile; fileRef = 4CF38A6E25C9AC830092108C /* SceneDelegate.swift */; };
		4CF38A7125C9AC830092108C /* ViewController.swift in Sources */ = {isa = PBXBuildFile; fileRef = 4CF38A7025C9AC830092108C /* ViewController.swift */; };
		4CF38A7425C9AC830092108C /* Main.storyboard in Resources */ = {isa = PBXBuildFile; fileRef = 4CF38A7225C9AC830092108C /* Main.storyboard */; };
		4CF38A7725C9AC830092108C /* ecomApp.xcdatamodeld in Sources */ = {isa = PBXBuildFile; fileRef = 4CF38A7525C9AC830092108C /* ecomApp.xcdatamodeld */; };
		4CF38A7925C9AC880092108C /* Assets.xcassets in Resources */ = {isa = PBXBuildFile; fileRef = 4CF38A7825C9AC880092108C /* Assets.xcassets */; };
		4CF38A7C25C9AC880092108C /* LaunchScreen.storyboard in Resources */ = {isa = PBXBuildFile; fileRef = 4CF38A7A25C9AC880092108C /* LaunchScreen.storyboard */; };
		4CF38A8725C9AC880092108C /* ecomAppTests.swift in Sources */ = {isa = PBXBuildFile; fileRef = 4CF38A8625C9AC880092108C /* ecomAppTests.swift */; };
		4CF38A9225C9AC880092108C /* ecomAppUITests.swift in Sources */ = {isa = PBXBuildFile; fileRef = 4CF38A9125C9AC880092108C /* ecomAppUITests.swift */; };
		4CF38AA025C9AECE0092108C /* client_33657832845-kcb7n5qhfd08kulss3p0rho1n7ptfa7p.apps.googleusercontent.com.plist in Resources */ = {isa = PBXBuildFile; fileRef = 4CF38A9F25C9AECE0092108C /* client_33657832845-kcb7n5qhfd08kulss3p0rho1n7ptfa7p.apps.googleusercontent.com.plist */; };
		4CF38AA225C9B01C0092108C /* HomeVc.swift in Sources */ = {isa = PBXBuildFile; fileRef = 4CF38AA125C9B01C0092108C /* HomeVc.swift */; };
		EC9C56CA0BE4F5435D7BC3E1 /* Pods_ecomAppTests.framework in Frameworks */ = {isa = PBXBuildFile; fileRef = 2FAAF46DCA46CCAD89634AE3 /* Pods_ecomAppTests.framework */; };
/* End PBXBuildFile section */

/* Begin PBXContainerItemProxy section */
		4CF38A8325C9AC880092108C /* PBXContainerItemProxy */ = {
			isa = PBXContainerItemProxy;
			containerPortal = 4CF38A6125C9AC820092108C /* Project object */;
			proxyType = 1;
			remoteGlobalIDString = 4CF38A6825C9AC830092108C;
			remoteInfo = ecomApp;
		};
		4CF38A8E25C9AC880092108C /* PBXContainerItemProxy */ = {
			isa = PBXContainerItemProxy;
			containerPortal = 4CF38A6125C9AC820092108C /* Project object */;
			proxyType = 1;
			remoteGlobalIDString = 4CF38A6825C9AC830092108C;
			remoteInfo = ecomApp;
		};
/* End PBXContainerItemProxy section */

/* Begin PBXFileReference section */
		05776D9F76BC18915501F087 /* Pods_ecomApp_ecomAppUITests.framework */ = {isa = PBXFileReference; explicitFileType = wrapper.framework; includeInIndex = 0; path = Pods_ecomApp_ecomAppUITests.framework; sourceTree = BUILT_PRODUCTS_DIR; };
		2FAAF46DCA46CCAD89634AE3 /* Pods_ecomAppTests.framework */ = {isa = PBXFileReference; explicitFileType = wrapper.framework; includeInIndex = 0; path = Pods_ecomAppTests.framework; sourceTree = BUILT_PRODUCTS_DIR; };
		37E7E94CFCEE6BE454A3466D /* Pods-ecomAppTests.debug.xcconfig */ = {isa = PBXFileReference; includeInIndex = 1; lastKnownFileType = text.xcconfig; name = "Pods-ecomAppTests.debug.xcconfig"; path = "Target Support Files/Pods-ecomAppTests/Pods-ecomAppTests.debug.xcconfig"; sourceTree = "<group>"; };
		4C6354D225CA784F00AFAE4A /* userDefaults.swift */ = {isa = PBXFileReference; fileEncoding = 4; lastKnownFileType = sourcecode.swift; path = userDefaults.swift; sourceTree = "<group>"; };
		4CF38A6925C9AC830092108C /* ecomApp.app */ = {isa = PBXFileReference; explicitFileType = wrapper.application; includeInIndex = 0; path = ecomApp.app; sourceTree = BUILT_PRODUCTS_DIR; };
		4CF38A6C25C9AC830092108C /* AppDelegate.swift */ = {isa = PBXFileReference; lastKnownFileType = sourcecode.swift; path = AppDelegate.swift; sourceTree = "<group>"; };
		4CF38A6E25C9AC830092108C /* SceneDelegate.swift */ = {isa = PBXFileReference; lastKnownFileType = sourcecode.swift; path = SceneDelegate.swift; sourceTree = "<group>"; };
		4CF38A7025C9AC830092108C /* ViewController.swift */ = {isa = PBXFileReference; lastKnownFileType = sourcecode.swift; path = ViewController.swift; sourceTree = "<group>"; };
		4CF38A7325C9AC830092108C /* Base */ = {isa = PBXFileReference; lastKnownFileType = file.storyboard; name = Base; path = Base.lproj/Main.storyboard; sourceTree = "<group>"; };
		4CF38A7625C9AC830092108C /* ecomApp.xcdatamodel */ = {isa = PBXFileReference; lastKnownFileType = wrapper.xcdatamodel; path = ecomApp.xcdatamodel; sourceTree = "<group>"; };
		4CF38A7825C9AC880092108C /* Assets.xcassets */ = {isa = PBXFileReference; lastKnownFileType = folder.assetcatalog; path = Assets.xcassets; sourceTree = "<group>"; };
		4CF38A7B25C9AC880092108C /* Base */ = {isa = PBXFileReference; lastKnownFileType = file.storyboard; name = Base; path = Base.lproj/LaunchScreen.storyboard; sourceTree = "<group>"; };
		4CF38A7D25C9AC880092108C /* Info.plist */ = {isa = PBXFileReference; lastKnownFileType = text.plist.xml; path = Info.plist; sourceTree = "<group>"; };
		4CF38A8225C9AC880092108C /* ecomAppTests.xctest */ = {isa = PBXFileReference; explicitFileType = wrapper.cfbundle; includeInIndex = 0; path = ecomAppTests.xctest; sourceTree = BUILT_PRODUCTS_DIR; };
		4CF38A8625C9AC880092108C /* ecomAppTests.swift */ = {isa = PBXFileReference; lastKnownFileType = sourcecode.swift; path = ecomAppTests.swift; sourceTree = "<group>"; };
		4CF38A8825C9AC880092108C /* Info.plist */ = {isa = PBXFileReference; lastKnownFileType = text.plist.xml; path = Info.plist; sourceTree = "<group>"; };
		4CF38A8D25C9AC880092108C /* ecomAppUITests.xctest */ = {isa = PBXFileReference; explicitFileType = wrapper.cfbundle; includeInIndex = 0; path = ecomAppUITests.xctest; sourceTree = BUILT_PRODUCTS_DIR; };
		4CF38A9125C9AC880092108C /* ecomAppUITests.swift */ = {isa = PBXFileReference; lastKnownFileType = sourcecode.swift; path = ecomAppUITests.swift; sourceTree = "<group>"; };
		4CF38A9325C9AC880092108C /* Info.plist */ = {isa = PBXFileReference; lastKnownFileType = text.plist.xml; path = Info.plist; sourceTree = "<group>"; };
		4CF38A9F25C9AECE0092108C /* client_33657832845-kcb7n5qhfd08kulss3p0rho1n7ptfa7p.apps.googleusercontent.com.plist */ = {isa = PBXFileReference; fileEncoding = 4; lastKnownFileType = text.plist.xml; path = "client_33657832845-kcb7n5qhfd08kulss3p0rho1n7ptfa7p.apps.googleusercontent.com.plist"; sourceTree = "<group>"; };
		4CF38AA125C9B01C0092108C /* HomeVc.swift */ = {isa = PBXFileReference; lastKnownFileType = sourcecode.swift; path = HomeVc.swift; sourceTree = "<group>"; };
		5B56EABD03C024A949696A38 /* Pods-ecomApp.release.xcconfig */ = {isa = PBXFileReference; includeInIndex = 1; lastKnownFileType = text.xcconfig; name = "Pods-ecomApp.release.xcconfig"; path = "Target Support Files/Pods-ecomApp/Pods-ecomApp.release.xcconfig"; sourceTree = "<group>"; };
		5BA603AC574C99A509657630 /* Pods_ecomApp.framework */ = {isa = PBXFileReference; explicitFileType = wrapper.framework; includeInIndex = 0; path = Pods_ecomApp.framework; sourceTree = BUILT_PRODUCTS_DIR; };
		5F530755D87214D4AE20DF1C /* Pods-ecomApp.debug.xcconfig */ = {isa = PBXFileReference; includeInIndex = 1; lastKnownFileType = text.xcconfig; name = "Pods-ecomApp.debug.xcconfig"; path = "Target Support Files/Pods-ecomApp/Pods-ecomApp.debug.xcconfig"; sourceTree = "<group>"; };
		6D7747093D0A68B753A5FD45 /* Pods-ecomApp-ecomAppUITests.release.xcconfig */ = {isa = PBXFileReference; includeInIndex = 1; lastKnownFileType = text.xcconfig; name = "Pods-ecomApp-ecomAppUITests.release.xcconfig"; path = "Target Support Files/Pods-ecomApp-ecomAppUITests/Pods-ecomApp-ecomAppUITests.release.xcconfig"; sourceTree = "<group>"; };
		C8830EBE13782E2F4592609F /* Pods-ecomApp-ecomAppUITests.debug.xcconfig */ = {isa = PBXFileReference; includeInIndex = 1; lastKnownFileType = text.xcconfig; name = "Pods-ecomApp-ecomAppUITests.debug.xcconfig"; path = "Target Support Files/Pods-ecomApp-ecomAppUITests/Pods-ecomApp-ecomAppUITests.debug.xcconfig"; sourceTree = "<group>"; };
		FC14C346A07DBF00460BCB6B /* Pods-ecomAppTests.release.xcconfig */ = {isa = PBXFileReference; includeInIndex = 1; lastKnownFileType = text.xcconfig; name = "Pods-ecomAppTests.release.xcconfig"; path = "Target Support Files/Pods-ecomAppTests/Pods-ecomAppTests.release.xcconfig"; sourceTree = "<group>"; };
/* End PBXFileReference section */

/* Begin PBXFrameworksBuildPhase section */
		4CF38A6625C9AC830092108C /* Frameworks */ = {
			isa = PBXFrameworksBuildPhase;
			buildActionMask = 2147483647;
			files = (
				44C098ADF0FE7D60D73FCC2D /* Pods_ecomApp.framework in Frameworks */,
			);
			runOnlyForDeploymentPostprocessing = 0;
		};
		4CF38A7F25C9AC880092108C /* Frameworks */ = {
			isa = PBXFrameworksBuildPhase;
			buildActionMask = 2147483647;
			files = (
				EC9C56CA0BE4F5435D7BC3E1 /* Pods_ecomAppTests.framework in Frameworks */,
			);
			runOnlyForDeploymentPostprocessing = 0;
		};
		4CF38A8A25C9AC880092108C /* Frameworks */ = {
			isa = PBXFrameworksBuildPhase;
			buildActionMask = 2147483647;
			files = (
				05C499FF6419F5E78F52FBC5 /* Pods_ecomApp_ecomAppUITests.framework in Frameworks */,
			);
			runOnlyForDeploymentPostprocessing = 0;
		};
/* End PBXFrameworksBuildPhase section */

/* Begin PBXGroup section */
		06A0D74BF2D0B9D8C94904F4 /* Frameworks */ = {
			isa = PBXGroup;
			children = (
				5BA603AC574C99A509657630 /* Pods_ecomApp.framework */,
				05776D9F76BC18915501F087 /* Pods_ecomApp_ecomAppUITests.framework */,
				2FAAF46DCA46CCAD89634AE3 /* Pods_ecomAppTests.framework */,
			);
			name = Frameworks;
			sourceTree = "<group>";
		};
		4CF38A6025C9AC820092108C = {
			isa = PBXGroup;
			children = (
				4CF38A6B25C9AC830092108C /* ecomApp */,
				4CF38A8525C9AC880092108C /* ecomAppTests */,
				4CF38A9025C9AC880092108C /* ecomAppUITests */,
				4CF38A6A25C9AC830092108C /* Products */,
				5186114466F9450A691ED0BA /* Pods */,
				06A0D74BF2D0B9D8C94904F4 /* Frameworks */,
			);
			sourceTree = "<group>";
		};
		4CF38A6A25C9AC830092108C /* Products */ = {
			isa = PBXGroup;
			children = (
				4CF38A6925C9AC830092108C /* ecomApp.app */,
				4CF38A8225C9AC880092108C /* ecomAppTests.xctest */,
				4CF38A8D25C9AC880092108C /* ecomAppUITests.xctest */,
			);
			name = Products;
			sourceTree = "<group>";
		};
		4CF38A6B25C9AC830092108C /* ecomApp */ = {
			isa = PBXGroup;
			children = (
				4CF38A6C25C9AC830092108C /* AppDelegate.swift */,
				4CF38A6E25C9AC830092108C /* SceneDelegate.swift */,
				4C6354D225CA784F00AFAE4A /* userDefaults.swift */,
				4CF38A7025C9AC830092108C /* ViewController.swift */,
				4CF38AA125C9B01C0092108C /* HomeVc.swift */,
				4CF38A7225C9AC830092108C /* Main.storyboard */,
				4CF38A7825C9AC880092108C /* Assets.xcassets */,
				4CF38A7A25C9AC880092108C /* LaunchScreen.storyboard */,
				4CF38A7D25C9AC880092108C /* Info.plist */,
				4CF38A9F25C9AECE0092108C /* client_33657832845-kcb7n5qhfd08kulss3p0rho1n7ptfa7p.apps.googleusercontent.com.plist */,
				4CF38A7525C9AC830092108C /* ecomApp.xcdatamodeld */,
			);
			path = ecomApp;
			sourceTree = "<group>";
		};
		4CF38A8525C9AC880092108C /* ecomAppTests */ = {
			isa = PBXGroup;
			children = (
				4CF38A8625C9AC880092108C /* ecomAppTests.swift */,
				4CF38A8825C9AC880092108C /* Info.plist */,
			);
			path = ecomAppTests;
			sourceTree = "<group>";
		};
		4CF38A9025C9AC880092108C /* ecomAppUITests */ = {
			isa = PBXGroup;
			children = (
				4CF38A9125C9AC880092108C /* ecomAppUITests.swift */,
				4CF38A9325C9AC880092108C /* Info.plist */,
			);
			path = ecomAppUITests;
			sourceTree = "<group>";
		};
		5186114466F9450A691ED0BA /* Pods */ = {
			isa = PBXGroup;
			children = (
				5F530755D87214D4AE20DF1C /* Pods-ecomApp.debug.xcconfig */,
				5B56EABD03C024A949696A38 /* Pods-ecomApp.release.xcconfig */,
				C8830EBE13782E2F4592609F /* Pods-ecomApp-ecomAppUITests.debug.xcconfig */,
				6D7747093D0A68B753A5FD45 /* Pods-ecomApp-ecomAppUITests.release.xcconfig */,
				37E7E94CFCEE6BE454A3466D /* Pods-ecomAppTests.debug.xcconfig */,
				FC14C346A07DBF00460BCB6B /* Pods-ecomAppTests.release.xcconfig */,
			);
			path = Pods;
			sourceTree = "<group>";
		};
/* End PBXGroup section */

/* Begin PBXNativeTarget section */
		4CF38A6825C9AC830092108C /* ecomApp */ = {
			isa = PBXNativeTarget;
			buildConfigurationList = 4CF38A9625C9AC880092108C /* Build configuration list for PBXNativeTarget "ecomApp" */;
			buildPhases = (
				738EE49B7A9B47FB006C6949 /* [CP] Check Pods Manifest.lock */,
				4CF38A6525C9AC830092108C /* Sources */,
				4CF38A6625C9AC830092108C /* Frameworks */,
				4CF38A6725C9AC830092108C /* Resources */,
				104163BB8CAC6ACE20A808B3 /* [CP] Embed Pods Frameworks */,
				C5ECED047BCE0A408011E80E /* [CP] Copy Pods Resources */,
			);
			buildRules = (
			);
			dependencies = (
			);
			name = ecomApp;
			productName = ecomApp;
			productReference = 4CF38A6925C9AC830092108C /* ecomApp.app */;
			productType = "com.apple.product-type.application";
		};
		4CF38A8125C9AC880092108C /* ecomAppTests */ = {
			isa = PBXNativeTarget;
			buildConfigurationList = 4CF38A9925C9AC880092108C /* Build configuration list for PBXNativeTarget "ecomAppTests" */;
			buildPhases = (
				8E1BB2C4A30379E0B6224099 /* [CP] Check Pods Manifest.lock */,
				4CF38A7E25C9AC880092108C /* Sources */,
				4CF38A7F25C9AC880092108C /* Frameworks */,
				4CF38A8025C9AC880092108C /* Resources */,
			);
			buildRules = (
			);
			dependencies = (
				4CF38A8425C9AC880092108C /* PBXTargetDependency */,
			);
			name = ecomAppTests;
			productName = ecomAppTests;
			productReference = 4CF38A8225C9AC880092108C /* ecomAppTests.xctest */;
			productType = "com.apple.product-type.bundle.unit-test";
		};
		4CF38A8C25C9AC880092108C /* ecomAppUITests */ = {
			isa = PBXNativeTarget;
			buildConfigurationList = 4CF38A9C25C9AC880092108C /* Build configuration list for PBXNativeTarget "ecomAppUITests" */;
			buildPhases = (
				6B9953B2417B829CA953EAC9 /* [CP] Check Pods Manifest.lock */,
				4CF38A8925C9AC880092108C /* Sources */,
				4CF38A8A25C9AC880092108C /* Frameworks */,
				4CF38A8B25C9AC880092108C /* Resources */,
				282BCEC6CEED06DC73076C36 /* [CP] Embed Pods Frameworks */,
				1D63EDF136DD6E2191105225 /* [CP] Copy Pods Resources */,
			);
			buildRules = (
			);
			dependencies = (
				4CF38A8F25C9AC880092108C /* PBXTargetDependency */,
			);
			name = ecomAppUITests;
			productName = ecomAppUITests;
			productReference = 4CF38A8D25C9AC880092108C /* ecomAppUITests.xctest */;
			productType = "com.apple.product-type.bundle.ui-testing";
		};
/* End PBXNativeTarget section */

/* Begin PBXProject section */
		4CF38A6125C9AC820092108C /* Project object */ = {
			isa = PBXProject;
			attributes = {
				LastSwiftUpdateCheck = 1160;
				LastUpgradeCheck = 1160;
				ORGANIZATIONNAME = bhargava;
				TargetAttributes = {
					4CF38A6825C9AC830092108C = {
						CreatedOnToolsVersion = 11.6;
					};
					4CF38A8125C9AC880092108C = {
						CreatedOnToolsVersion = 11.6;
						TestTargetID = 4CF38A6825C9AC830092108C;
					};
					4CF38A8C25C9AC880092108C = {
						CreatedOnToolsVersion = 11.6;
						TestTargetID = 4CF38A6825C9AC830092108C;
					};
				};
			};
			buildConfigurationList = 4CF38A6425C9AC820092108C /* Build configuration list for PBXProject "ecomApp" */;
			compatibilityVersion = "Xcode 9.3";
			developmentRegion = en;
			hasScannedForEncodings = 0;
			knownRegions = (
				en,
				Base,
			);
			mainGroup = 4CF38A6025C9AC820092108C;
			productRefGroup = 4CF38A6A25C9AC830092108C /* Products */;
			projectDirPath = "";
			projectRoot = "";
			targets = (
				4CF38A6825C9AC830092108C /* ecomApp */,
				4CF38A8125C9AC880092108C /* ecomAppTests */,
				4CF38A8C25C9AC880092108C /* ecomAppUITests */,
			);
		};
/* End PBXProject section */

/* Begin PBXResourcesBuildPhase section */
		4CF38A6725C9AC830092108C /* Resources */ = {
			isa = PBXResourcesBuildPhase;
			buildActionMask = 2147483647;
			files = (
				4CF38A7C25C9AC880092108C /* LaunchScreen.storyboard in Resources */,
				4CF38A7925C9AC880092108C /* Assets.xcassets in Resources */,
				4CF38AA025C9AECE0092108C /* client_33657832845-kcb7n5qhfd08kulss3p0rho1n7ptfa7p.apps.googleusercontent.com.plist in Resources */,
				4CF38A7425C9AC830092108C /* Main.storyboard in Resources */,
			);
			runOnlyForDeploymentPostprocessing = 0;
		};
		4CF38A8025C9AC880092108C /* Resources */ = {
			isa = PBXResourcesBuildPhase;
			buildActionMask = 2147483647;
			files = (
			);
			runOnlyForDeploymentPostprocessing = 0;
		};
		4CF38A8B25C9AC880092108C /* Resources */ = {
			isa = PBXResourcesBuildPhase;
			buildActionMask = 2147483647;
			files = (
			);
			runOnlyForDeploymentPostprocessing = 0;
		};
/* End PBXResourcesBuildPhase section */

/* Begin PBXShellScriptBuildPhase section */
		104163BB8CAC6ACE20A808B3 /* [CP] Embed Pods Frameworks */ = {
			isa = PBXShellScriptBuildPhase;
			buildActionMask = 2147483647;
			files = (
			);
			inputFileListPaths = (
				"${PODS_ROOT}/Target Support Files/Pods-ecomApp/Pods-ecomApp-frameworks-${CONFIGURATION}-input-files.xcfilelist",
			);
			name = "[CP] Embed Pods Frameworks";
			outputFileListPaths = (
				"${PODS_ROOT}/Target Support Files/Pods-ecomApp/Pods-ecomApp-frameworks-${CONFIGURATION}-output-files.xcfilelist",
			);
			runOnlyForDeploymentPostprocessing = 0;
			shellPath = /bin/sh;
			shellScript = "\"${PODS_ROOT}/Target Support Files/Pods-ecomApp/Pods-ecomApp-frameworks.sh\"\n";
			showEnvVarsInLog = 0;
		};
		1D63EDF136DD6E2191105225 /* [CP] Copy Pods Resources */ = {
			isa = PBXShellScriptBuildPhase;
			buildActionMask = 2147483647;
			files = (
			);
			inputFileListPaths = (
				"${PODS_ROOT}/Target Support Files/Pods-ecomApp-ecomAppUITests/Pods-ecomApp-ecomAppUITests-resources-${CONFIGURATION}-input-files.xcfilelist",
			);
			name = "[CP] Copy Pods Resources";
			outputFileListPaths = (
				"${PODS_ROOT}/Target Support Files/Pods-ecomApp-ecomAppUITests/Pods-ecomApp-ecomAppUITests-resources-${CONFIGURATION}-output-files.xcfilelist",
			);
			runOnlyForDeploymentPostprocessing = 0;
			shellPath = /bin/sh;
			shellScript = "\"${PODS_ROOT}/Target Support Files/Pods-ecomApp-ecomAppUITests/Pods-ecomApp-ecomAppUITests-resources.sh\"\n";
			showEnvVarsInLog = 0;
		};
		282BCEC6CEED06DC73076C36 /* [CP] Embed Pods Frameworks */ = {
			isa = PBXShellScriptBuildPhase;
			buildActionMask = 2147483647;
			files = (
			);
			inputFileListPaths = (
				"${PODS_ROOT}/Target Support Files/Pods-ecomApp-ecomAppUITests/Pods-ecomApp-ecomAppUITests-frameworks-${CONFIGURATION}-input-files.xcfilelist",
			);
			name = "[CP] Embed Pods Frameworks";
			outputFileListPaths = (
				"${PODS_ROOT}/Target Support Files/Pods-ecomApp-ecomAppUITests/Pods-ecomApp-ecomAppUITests-frameworks-${CONFIGURATION}-output-files.xcfilelist",
			);
			runOnlyForDeploymentPostprocessing = 0;
			shellPath = /bin/sh;
			shellScript = "\"${PODS_ROOT}/Target Support Files/Pods-ecomApp-ecomAppUITests/Pods-ecomApp-ecomAppUITests-frameworks.sh\"\n";
			showEnvVarsInLog = 0;
		};
		6B9953B2417B829CA953EAC9 /* [CP] Check Pods Manifest.lock */ = {
			isa = PBXShellScriptBuildPhase;
			buildActionMask = 2147483647;
			files = (
			);
			inputFileListPaths = (
			);
			inputPaths = (
				"${PODS_PODFILE_DIR_PATH}/Podfile.lock",
				"${PODS_ROOT}/Manifest.lock",
			);
			name = "[CP] Check Pods Manifest.lock";
			outputFileListPaths = (
			);
			outputPaths = (
				"$(DERIVED_FILE_DIR)/Pods-ecomApp-ecomAppUITests-checkManifestLockResult.txt",
			);
			runOnlyForDeploymentPostprocessing = 0;
			shellPath = /bin/sh;
			shellScript = "diff \"${PODS_PODFILE_DIR_PATH}/Podfile.lock\" \"${PODS_ROOT}/Manifest.lock\" > /dev/null\nif [ $? != 0 ] ; then\n    # print error to STDERR\n    echo \"error: The sandbox is not in sync with the Podfile.lock. Run 'pod install' or update your CocoaPods installation.\" >&2\n    exit 1\nfi\n# This output is used by Xcode 'outputs' to avoid re-running this script phase.\necho \"SUCCESS\" > \"${SCRIPT_OUTPUT_FILE_0}\"\n";
			showEnvVarsInLog = 0;
		};
		738EE49B7A9B47FB006C6949 /* [CP] Check Pods Manifest.lock */ = {
			isa = PBXShellScriptBuildPhase;
			buildActionMask = 2147483647;
			files = (
			);
			inputFileListPaths = (
			);
			inputPaths = (
				"${PODS_PODFILE_DIR_PATH}/Podfile.lock",
				"${PODS_ROOT}/Manifest.lock",
			);
			name = "[CP] Check Pods Manifest.lock";
			outputFileListPaths = (
			);
			outputPaths = (
				"$(DERIVED_FILE_DIR)/Pods-ecomApp-checkManifestLockResult.txt",
			);
			runOnlyForDeploymentPostprocessing = 0;
			shellPath = /bin/sh;
			shellScript = "diff \"${PODS_PODFILE_DIR_PATH}/Podfile.lock\" \"${PODS_ROOT}/Manifest.lock\" > /dev/null\nif [ $? != 0 ] ; then\n    # print error to STDERR\n    echo \"error: The sandbox is not in sync with the Podfile.lock. Run 'pod install' or update your CocoaPods installation.\" >&2\n    exit 1\nfi\n# This output is used by Xcode 'outputs' to avoid re-running this script phase.\necho \"SUCCESS\" > \"${SCRIPT_OUTPUT_FILE_0}\"\n";
			showEnvVarsInLog = 0;
		};
		8E1BB2C4A30379E0B6224099 /* [CP] Check Pods Manifest.lock */ = {
			isa = PBXShellScriptBuildPhase;
			buildActionMask = 2147483647;
			files = (
			);
			inputFileListPaths = (
			);
			inputPaths = (
				"${PODS_PODFILE_DIR_PATH}/Podfile.lock",
				"${PODS_ROOT}/Manifest.lock",
			);
			name = "[CP] Check Pods Manifest.lock";
			outputFileListPaths = (
			);
			outputPaths = (
				"$(DERIVED_FILE_DIR)/Pods-ecomAppTests-checkManifestLockResult.txt",
			);
			runOnlyForDeploymentPostprocessing = 0;
			shellPath = /bin/sh;
			shellScript = "diff \"${PODS_PODFILE_DIR_PATH}/Podfile.lock\" \"${PODS_ROOT}/Manifest.lock\" > /dev/null\nif [ $? != 0 ] ; then\n    # print error to STDERR\n    echo \"error: The sandbox is not in sync with the Podfile.lock. Run 'pod install' or update your CocoaPods installation.\" >&2\n    exit 1\nfi\n# This output is used by Xcode 'outputs' to avoid re-running this script phase.\necho \"SUCCESS\" > \"${SCRIPT_OUTPUT_FILE_0}\"\n";
			showEnvVarsInLog = 0;
		};
		C5ECED047BCE0A408011E80E /* [CP] Copy Pods Resources */ = {
			isa = PBXShellScriptBuildPhase;
			buildActionMask = 2147483647;
			files = (
			);
			inputFileListPaths = (
				"${PODS_ROOT}/Target Support Files/Pods-ecomApp/Pods-ecomApp-resources-${CONFIGURATION}-input-files.xcfilelist",
			);
			name = "[CP] Copy Pods Resources";
			outputFileListPaths = (
				"${PODS_ROOT}/Target Support Files/Pods-ecomApp/Pods-ecomApp-resources-${CONFIGURATION}-output-files.xcfilelist",
			);
			runOnlyForDeploymentPostprocessing = 0;
			shellPath = /bin/sh;
			shellScript = "\"${PODS_ROOT}/Target Support Files/Pods-ecomApp/Pods-ecomApp-resources.sh\"\n";
			showEnvVarsInLog = 0;
		};
/* End PBXShellScriptBuildPhase section */

/* Begin PBXSourcesBuildPhase section */
		4CF38A6525C9AC830092108C /* Sources */ = {
			isa = PBXSourcesBuildPhase;
			buildActionMask = 2147483647;
			files = (
				4CF38A7125C9AC830092108C /* ViewController.swift in Sources */,
				4CF38AA225C9B01C0092108C /* HomeVc.swift in Sources */,
				4C6354D325CA785000AFAE4A /* userDefaults.swift in Sources */,
				4CF38A7725C9AC830092108C /* ecomApp.xcdatamodeld in Sources */,
				4CF38A6D25C9AC830092108C /* AppDelegate.swift in Sources */,
				4CF38A6F25C9AC830092108C /* SceneDelegate.swift in Sources */,
			);
			runOnlyForDeploymentPostprocessing = 0;
		};
		4CF38A7E25C9AC880092108C /* Sources */ = {
			isa = PBXSourcesBuildPhase;
			buildActionMask = 2147483647;
			files = (
				4CF38A8725C9AC880092108C /* ecomAppTests.swift in Sources */,
			);
			runOnlyForDeploymentPostprocessing = 0;
		};
		4CF38A8925C9AC880092108C /* Sources */ = {
			isa = PBXSourcesBuildPhase;
			buildActionMask = 2147483647;
			files = (
				4CF38A9225C9AC880092108C /* ecomAppUITests.swift in Sources */,
			);
			runOnlyForDeploymentPostprocessing = 0;
		};
/* End PBXSourcesBuildPhase section */

/* Begin PBXTargetDependency section */
		4CF38A8425C9AC880092108C /* PBXTargetDependency */ = {
			isa = PBXTargetDependency;
			target = 4CF38A6825C9AC830092108C /* ecomApp */;
			targetProxy = 4CF38A8325C9AC880092108C /* PBXContainerItemProxy */;
		};
		4CF38A8F25C9AC880092108C /* PBXTargetDependency */ = {
			isa = PBXTargetDependency;
			target = 4CF38A6825C9AC830092108C /* ecomApp */;
			targetProxy = 4CF38A8E25C9AC880092108C /* PBXContainerItemProxy */;
		};
/* End PBXTargetDependency section */

/* Begin PBXVariantGroup section */
		4CF38A7225C9AC830092108C /* Main.storyboard */ = {
			isa = PBXVariantGroup;
			children = (
				4CF38A7325C9AC830092108C /* Base */,
			);
			name = Main.storyboard;
			sourceTree = "<group>";
		};
		4CF38A7A25C9AC880092108C /* LaunchScreen.storyboard */ = {
			isa = PBXVariantGroup;
			children = (
				4CF38A7B25C9AC880092108C /* Base */,
			);
			name = LaunchScreen.storyboard;
			sourceTree = "<group>";
		};
/* End PBXVariantGroup section */

/* Begin XCBuildConfiguration section */
		4CF38A9425C9AC880092108C /* Debug */ = {
			isa = XCBuildConfiguration;
			buildSettings = {
				ALWAYS_SEARCH_USER_PATHS = NO;
				CLANG_ANALYZER_NONNULL = YES;
				CLANG_ANALYZER_NUMBER_OBJECT_CONVERSION = YES_AGGRESSIVE;
				CLANG_CXX_LANGUAGE_STANDARD = "gnu++14";
				CLANG_CXX_LIBRARY = "libc++";
				CLANG_ENABLE_MODULES = YES;
				CLANG_ENABLE_OBJC_ARC = YES;
				CLANG_ENABLE_OBJC_WEAK = YES;
				CLANG_WARN_BLOCK_CAPTURE_AUTORELEASING = YES;
				CLANG_WARN_BOOL_CONVERSION = YES;
				CLANG_WARN_COMMA = YES;
				CLANG_WARN_CONSTANT_CONVERSION = YES;
				CLANG_WARN_DEPRECATED_OBJC_IMPLEMENTATIONS = YES;
				CLANG_WARN_DIRECT_OBJC_ISA_USAGE = YES_ERROR;
				CLANG_WARN_DOCUMENTATION_COMMENTS = YES;
				CLANG_WARN_EMPTY_BODY = YES;
				CLANG_WARN_ENUM_CONVERSION = YES;
				CLANG_WARN_INFINITE_RECURSION = YES;
				CLANG_WARN_INT_CONVERSION = YES;
				CLANG_WARN_NON_LITERAL_NULL_CONVERSION = YES;
				CLANG_WARN_OBJC_IMPLICIT_RETAIN_SELF = YES;
				CLANG_WARN_OBJC_LITERAL_CONVERSION = YES;
				CLANG_WARN_OBJC_ROOT_CLASS = YES_ERROR;
				CLANG_WARN_RANGE_LOOP_ANALYSIS = YES;
				CLANG_WARN_STRICT_PROTOTYPES = YES;
				CLANG_WARN_SUSPICIOUS_MOVE = YES;
				CLANG_WARN_UNGUARDED_AVAILABILITY = YES_AGGRESSIVE;
				CLANG_WARN_UNREACHABLE_CODE = YES;
				CLANG_WARN__DUPLICATE_METHOD_MATCH = YES;
				COPY_PHASE_STRIP = NO;
				DEBUG_INFORMATION_FORMAT = dwarf;
				ENABLE_STRICT_OBJC_MSGSEND = YES;
				ENABLE_TESTABILITY = YES;
				GCC_C_LANGUAGE_STANDARD = gnu11;
				GCC_DYNAMIC_NO_PIC = NO;
				GCC_NO_COMMON_BLOCKS = YES;
				GCC_OPTIMIZATION_LEVEL = 0;
				GCC_PREPROCESSOR_DEFINITIONS = (
					"DEBUG=1",
					"$(inherited)",
				);
				GCC_WARN_64_TO_32_BIT_CONVERSION = YES;
				GCC_WARN_ABOUT_RETURN_TYPE = YES_ERROR;
				GCC_WARN_UNDECLARED_SELECTOR = YES;
				GCC_WARN_UNINITIALIZED_AUTOS = YES_AGGRESSIVE;
				GCC_WARN_UNUSED_FUNCTION = YES;
				GCC_WARN_UNUSED_VARIABLE = YES;
				IPHONEOS_DEPLOYMENT_TARGET = 13.6;
				MTL_ENABLE_DEBUG_INFO = INCLUDE_SOURCE;
				MTL_FAST_MATH = YES;
				ONLY_ACTIVE_ARCH = YES;
				SDKROOT = iphoneos;
				SWIFT_ACTIVE_COMPILATION_CONDITIONS = DEBUG;
				SWIFT_OPTIMIZATION_LEVEL = "-Onone";
			};
			name = Debug;
		};
		4CF38A9525C9AC880092108C /* Release */ = {
			isa = XCBuildConfiguration;
			buildSettings = {
				ALWAYS_SEARCH_USER_PATHS = NO;
				CLANG_ANALYZER_NONNULL = YES;
				CLANG_ANALYZER_NUMBER_OBJECT_CONVERSION = YES_AGGRESSIVE;
				CLANG_CXX_LANGUAGE_STANDARD = "gnu++14";
				CLANG_CXX_LIBRARY = "libc++";
				CLANG_ENABLE_MODULES = YES;
				CLANG_ENABLE_OBJC_ARC = YES;
				CLANG_ENABLE_OBJC_WEAK = YES;
				CLANG_WARN_BLOCK_CAPTURE_AUTORELEASING = YES;
				CLANG_WARN_BOOL_CONVERSION = YES;
				CLANG_WARN_COMMA = YES;
				CLANG_WARN_CONSTANT_CONVERSION = YES;
				CLANG_WARN_DEPRECATED_OBJC_IMPLEMENTATIONS = YES;
				CLANG_WARN_DIRECT_OBJC_ISA_USAGE = YES_ERROR;
				CLANG_WARN_DOCUMENTATION_COMMENTS = YES;
				CLANG_WARN_EMPTY_BODY = YES;
				CLANG_WARN_ENUM_CONVERSION = YES;
				CLANG_WARN_INFINITE_RECURSION = YES;
				CLANG_WARN_INT_CONVERSION = YES;
				CLANG_WARN_NON_LITERAL_NULL_CONVERSION = YES;
				CLANG_WARN_OBJC_IMPLICIT_RETAIN_SELF = YES;
				CLANG_WARN_OBJC_LITERAL_CONVERSION = YES;
				CLANG_WARN_OBJC_ROOT_CLASS = YES_ERROR;
				CLANG_WARN_RANGE_LOOP_ANALYSIS = YES;
				CLANG_WARN_STRICT_PROTOTYPES = YES;
				CLANG_WARN_SUSPICIOUS_MOVE = YES;
				CLANG_WARN_UNGUARDED_AVAILABILITY = YES_AGGRESSIVE;
				CLANG_WARN_UNREACHABLE_CODE = YES;
				CLANG_WARN__DUPLICATE_METHOD_MATCH = YES;
				COPY_PHASE_STRIP = NO;
				DEBUG_INFORMATION_FORMAT = "dwarf-with-dsym";
				ENABLE_NS_ASSERTIONS = NO;
				ENABLE_STRICT_OBJC_MSGSEND = YES;
				GCC_C_LANGUAGE_STANDARD = gnu11;
				GCC_NO_COMMON_BLOCKS = YES;
				GCC_WARN_64_TO_32_BIT_CONVERSION = YES;
				GCC_WARN_ABOUT_RETURN_TYPE = YES_ERROR;
				GCC_WARN_UNDECLARED_SELECTOR = YES;
				GCC_WARN_UNINITIALIZED_AUTOS = YES_AGGRESSIVE;
				GCC_WARN_UNUSED_FUNCTION = YES;
				GCC_WARN_UNUSED_VARIABLE = YES;
				IPHONEOS_DEPLOYMENT_TARGET = 13.6;
				MTL_ENABLE_DEBUG_INFO = NO;
				MTL_FAST_MATH = YES;
				SDKROOT = iphoneos;
				SWIFT_COMPILATION_MODE = wholemodule;
				SWIFT_OPTIMIZATION_LEVEL = "-O";
				VALIDATE_PRODUCT = YES;
			};
			name = Release;
		};
		4CF38A9725C9AC880092108C /* Debug */ = {
			isa = XCBuildConfiguration;
			baseConfigurationReference = 5F530755D87214D4AE20DF1C /* Pods-ecomApp.debug.xcconfig */;
			buildSettings = {
				ASSETCATALOG_COMPILER_APPICON_NAME = AppIcon;
				CODE_SIGN_STYLE = Automatic;
				DEVELOPMENT_TEAM = 5KBLY872RN;
				INFOPLIST_FILE = ecomApp/Info.plist;
				LD_RUNPATH_SEARCH_PATHS = (
					"$(inherited)",
					"@executable_path/Frameworks",
				);
				PRODUCT_BUNDLE_IDENTIFIER = com.cbn.ecomApp;
				PRODUCT_NAME = "$(TARGET_NAME)";
				SWIFT_VERSION = 5.0;
				TARGETED_DEVICE_FAMILY = "1,2";
			};
			name = Debug;
		};
		4CF38A9825C9AC880092108C /* Release */ = {
			isa = XCBuildConfiguration;
			baseConfigurationReference = 5B56EABD03C024A949696A38 /* Pods-ecomApp.release.xcconfig */;
			buildSettings = {
				ASSETCATALOG_COMPILER_APPICON_NAME = AppIcon;
				CODE_SIGN_STYLE = Automatic;
				DEVELOPMENT_TEAM = 5KBLY872RN;
				INFOPLIST_FILE = ecomApp/Info.plist;
				LD_RUNPATH_SEARCH_PATHS = (
					"$(inherited)",
					"@executable_path/Frameworks",
				);
				PRODUCT_BUNDLE_IDENTIFIER = com.cbn.ecomApp;
				PRODUCT_NAME = "$(TARGET_NAME)";
				SWIFT_VERSION = 5.0;
				TARGETED_DEVICE_FAMILY = "1,2";
			};
			name = Release;
		};
		4CF38A9A25C9AC880092108C /* Debug */ = {
			isa = XCBuildConfiguration;
			baseConfigurationReference = 37E7E94CFCEE6BE454A3466D /* Pods-ecomAppTests.debug.xcconfig */;
			buildSettings = {
				ALWAYS_EMBED_SWIFT_STANDARD_LIBRARIES = YES;
				BUNDLE_LOADER = "$(TEST_HOST)";
				CODE_SIGN_STYLE = Automatic;
				DEVELOPMENT_TEAM = 5KBLY872RN;
				INFOPLIST_FILE = ecomAppTests/Info.plist;
				IPHONEOS_DEPLOYMENT_TARGET = 13.6;
				LD_RUNPATH_SEARCH_PATHS = (
					"$(inherited)",
					"@executable_path/Frameworks",
					"@loader_path/Frameworks",
				);
				PRODUCT_BUNDLE_IDENTIFIER = com.cbn.ecomAppTests;
				PRODUCT_NAME = "$(TARGET_NAME)";
				SWIFT_VERSION = 5.0;
				TARGETED_DEVICE_FAMILY = "1,2";
				TEST_HOST = "$(BUILT_PRODUCTS_DIR)/ecomApp.app/ecomApp";
			};
			name = Debug;
		};
		4CF38A9B25C9AC880092108C /* Release */ = {
			isa = XCBuildConfiguration;
			baseConfigurationReference = FC14C346A07DBF00460BCB6B /* Pods-ecomAppTests.release.xcconfig */;
			buildSettings = {
				ALWAYS_EMBED_SWIFT_STANDARD_LIBRARIES = YES;
				BUNDLE_LOADER = "$(TEST_HOST)";
				CODE_SIGN_STYLE = Automatic;
				DEVELOPMENT_TEAM = 5KBLY872RN;
				INFOPLIST_FILE = ecomAppTests/Info.plist;
				IPHONEOS_DEPLOYMENT_TARGET = 13.6;
				LD_RUNPATH_SEARCH_PATHS = (
					"$(inherited)",
					"@executable_path/Frameworks",
					"@loader_path/Frameworks",
				);
				PRODUCT_BUNDLE_IDENTIFIER = com.cbn.ecomAppTests;
				PRODUCT_NAME = "$(TARGET_NAME)";
				SWIFT_VERSION = 5.0;
				TARGETED_DEVICE_FAMILY = "1,2";
				TEST_HOST = "$(BUILT_PRODUCTS_DIR)/ecomApp.app/ecomApp";
			};
			name = Release;
		};
		4CF38A9D25C9AC880092108C /* Debug */ = {
			isa = XCBuildConfiguration;
			baseConfigurationReference = C8830EBE13782E2F4592609F /* Pods-ecomApp-ecomAppUITests.debug.xcconfig */;
			buildSettings = {
				ALWAYS_EMBED_SWIFT_STANDARD_LIBRARIES = YES;
				CODE_SIGN_STYLE = Automatic;
				DEVELOPMENT_TEAM = 5KBLY872RN;
				INFOPLIST_FILE = ecomAppUITests/Info.plist;
				LD_RUNPATH_SEARCH_PATHS = (
					"$(inherited)",
					"@executable_path/Frameworks",
					"@loader_path/Frameworks",
				);
				PRODUCT_BUNDLE_IDENTIFIER = com.cbn.ecomAppUITests;
				PRODUCT_NAME = "$(TARGET_NAME)";
				SWIFT_VERSION = 5.0;
				TARGETED_DEVICE_FAMILY = "1,2";
				TEST_TARGET_NAME = ecomApp;
			};
			name = Debug;
		};
		4CF38A9E25C9AC880092108C /* Release */ = {
			isa = XCBuildConfiguration;
			baseConfigurationReference = 6D7747093D0A68B753A5FD45 /* Pods-ecomApp-ecomAppUITests.release.xcconfig */;
			buildSettings = {
				ALWAYS_EMBED_SWIFT_STANDARD_LIBRARIES = YES;
				CODE_SIGN_STYLE = Automatic;
				DEVELOPMENT_TEAM = 5KBLY872RN;
				INFOPLIST_FILE = ecomAppUITests/Info.plist;
				LD_RUNPATH_SEARCH_PATHS = (
					"$(inherited)",
					"@executable_path/Frameworks",
					"@loader_path/Frameworks",
				);
				PRODUCT_BUNDLE_IDENTIFIER = com.cbn.ecomAppUITests;
				PRODUCT_NAME = "$(TARGET_NAME)";
				SWIFT_VERSION = 5.0;
				TARGETED_DEVICE_FAMILY = "1,2";
				TEST_TARGET_NAME = ecomApp;
			};
			name = Release;
		};
/* End XCBuildConfiguration section */

/* Begin XCConfigurationList section */
		4CF38A6425C9AC820092108C /* Build configuration list for PBXProject "ecomApp" */ = {
			isa = XCConfigurationList;
			buildConfigurations = (
				4CF38A9425C9AC880092108C /* Debug */,
				4CF38A9525C9AC880092108C /* Release */,
			);
			defaultConfigurationIsVisible = 0;
			defaultConfigurationName = Release;
		};
		4CF38A9625C9AC880092108C /* Build configuration list for PBXNativeTarget "ecomApp" */ = {
			isa = XCConfigurationList;
			buildConfigurations = (
				4CF38A9725C9AC880092108C /* Debug */,
				4CF38A9825C9AC880092108C /* Release */,
			);
			defaultConfigurationIsVisible = 0;
			defaultConfigurationName = Release;
		};
		4CF38A9925C9AC880092108C /* Build configuration list for PBXNativeTarget "ecomAppTests" */ = {
			isa = XCConfigurationList;
			buildConfigurations = (
				4CF38A9A25C9AC880092108C /* Debug */,
				4CF38A9B25C9AC880092108C /* Release */,
			);
			defaultConfigurationIsVisible = 0;
			defaultConfigurationName = Release;
		};
		4CF38A9C25C9AC880092108C /* Build configuration list for PBXNativeTarget "ecomAppUITests" */ = {
			isa = XCConfigurationList;
			buildConfigurations = (
				4CF38A9D25C9AC880092108C /* Debug */,
				4CF38A9E25C9AC880092108C /* Release */,
			);
			defaultConfigurationIsVisible = 0;
			defaultConfigurationName = Release;
		};
/* End XCConfigurationList section */

/* Begin XCVersionGroup section */
		4CF38A7525C9AC830092108C /* ecomApp.xcdatamodeld */ = {
			isa = XCVersionGroup;
			children = (
				4CF38A7625C9AC830092108C /* ecomApp.xcdatamodel */,
			);
			currentVersion = 4CF38A7625C9AC830092108C /* ecomApp.xcdatamodel */;
			path = ecomApp.xcdatamodeld;
			sourceTree = "<group>";
			versionGroupType = wrapper.xcdatamodel;
		};
/* End XCVersionGroup section */
	};
	rootObject = 4CF38A6125C9AC820092108C /* Project object */;
}
